// !$*UTF8*$!
{
	archiveVersion = 1;
	classes = {
	};
	objectVersion = 56;
	objects = {

/* Begin PBXBuildFile section */
		4B07E14D2A85BB440094D554 /* ProfileEditor.swift in Sources */ = {isa = PBXBuildFile; fileRef = 4B07E14C2A85BB440094D554 /* ProfileEditor.swift */; };
		4B07E1502A85C2330094D554 /* PageViewController.swift in Sources */ = {isa = PBXBuildFile; fileRef = 4B07E14F2A85C2330094D554 /* PageViewController.swift */; };
		4B07E1522A85C6090094D554 /* FeatureCard.swift in Sources */ = {isa = PBXBuildFile; fileRef = 4B07E1512A85C6090094D554 /* FeatureCard.swift */; };
		4B07E1542A85C7280094D554 /* PageView.swift in Sources */ = {isa = PBXBuildFile; fileRef = 4B07E1532A85C7280094D554 /* PageView.swift */; };
		4B78D95D2A83C5A3002BCC37 /* LandmarksApp.swift in Sources */ = {isa = PBXBuildFile; fileRef = 4B78D95C2A83C5A3002BCC37 /* LandmarksApp.swift */; };
		4B78D95F2A83C5A3002BCC37 /* ContentView.swift in Sources */ = {isa = PBXBuildFile; fileRef = 4B78D95E2A83C5A3002BCC37 /* ContentView.swift */; };
		4B78D9612A83C5A7002BCC37 /* Assets.xcassets in Resources */ = {isa = PBXBuildFile; fileRef = 4B78D9602A83C5A7002BCC37 /* Assets.xcassets */; };
		4B78D9642A83C5A7002BCC37 /* Preview Assets.xcassets in Resources */ = {isa = PBXBuildFile; fileRef = 4B78D9632A83C5A7002BCC37 /* Preview Assets.xcassets */; };
		4B78D96B2A83CA29002BCC37 /* CircleImage.swift in Sources */ = {isa = PBXBuildFile; fileRef = 4B78D96A2A83CA28002BCC37 /* CircleImage.swift */; };
		4B78D96D2A83CC04002BCC37 /* MapView.swift in Sources */ = {isa = PBXBuildFile; fileRef = 4B78D96C2A83CC04002BCC37 /* MapView.swift */; };
		4B78D96F2A83D27B002BCC37 /* landmarkData.json in Resources */ = {isa = PBXBuildFile; fileRef = 4B78D96E2A83D27B002BCC37 /* landmarkData.json */; };
		4B78D9712A83D2D8002BCC37 /* Landmark.swift in Sources */ = {isa = PBXBuildFile; fileRef = 4B78D9702A83D2D8002BCC37 /* Landmark.swift */; };
		4B78D9732A83D5B7002BCC37 /* ModelData.swift in Sources */ = {isa = PBXBuildFile; fileRef = 4B78D9722A83D5B7002BCC37 /* ModelData.swift */; };
		4B78D9782A83DB73002BCC37 /* LandmarkRow.swift in Sources */ = {isa = PBXBuildFile; fileRef = 4B78D9772A83DB73002BCC37 /* LandmarkRow.swift */; };
		4B78D97A2A83DDE4002BCC37 /* LandmarkList.swift in Sources */ = {isa = PBXBuildFile; fileRef = 4B78D9792A83DDE4002BCC37 /* LandmarkList.swift */; };
		4B78D97C2A83DF6C002BCC37 /* LandmarkDetail.swift in Sources */ = {isa = PBXBuildFile; fileRef = 4B78D97B2A83DF6C002BCC37 /* LandmarkDetail.swift */; };
		4B78D97E2A842CF3002BCC37 /* FavoriteButton.swift in Sources */ = {isa = PBXBuildFile; fileRef = 4B78D97D2A842CF3002BCC37 /* FavoriteButton.swift */; };
		4B78D9822A843C8E002BCC37 /* HexagonParameters.swift in Sources */ = {isa = PBXBuildFile; fileRef = 4B78D9812A843C8E002BCC37 /* HexagonParameters.swift */; };
		4B78D9842A843DEF002BCC37 /* BadgeBackground.swift in Sources */ = {isa = PBXBuildFile; fileRef = 4B78D9832A843DEF002BCC37 /* BadgeBackground.swift */; };
		4B78D9862A8443BD002BCC37 /* BadgeSymbol.swift in Sources */ = {isa = PBXBuildFile; fileRef = 4B78D9852A8443BD002BCC37 /* BadgeSymbol.swift */; };
		4B78D9882A844483002BCC37 /* RotatedBadgeSymbol.swift in Sources */ = {isa = PBXBuildFile; fileRef = 4B78D9872A844483002BCC37 /* RotatedBadgeSymbol.swift */; };
		4B78D98A2A844529002BCC37 /* Badge.swift in Sources */ = {isa = PBXBuildFile; fileRef = 4B78D9892A844529002BCC37 /* Badge.swift */; };
		4BF501822A86CFBD00F2B0E2 /* PageControl.swift in Sources */ = {isa = PBXBuildFile; fileRef = 4BF501812A86CFBD00F2B0E2 /* PageControl.swift */; };
		4BF5018D2A86F99100F2B0E2 /* ContentView.swift in Sources */ = {isa = PBXBuildFile; fileRef = 4BF5018C2A86F99100F2B0E2 /* ContentView.swift */; };
		4BF5018F2A86F99400F2B0E2 /* Assets.xcassets in Resources */ = {isa = PBXBuildFile; fileRef = 4BF5018E2A86F99400F2B0E2 /* Assets.xcassets */; };
		4BF501922A86F99400F2B0E2 /* Preview Assets.xcassets in Resources */ = {isa = PBXBuildFile; fileRef = 4BF501912A86F99400F2B0E2 /* Preview Assets.xcassets */; };
		4BF501952A86F99400F2B0E2 /* WatchLandmarks Watch App.app in Embed Watch Content */ = {isa = PBXBuildFile; fileRef = 4BF501882A86F99100F2B0E2 /* WatchLandmarks Watch App.app */; settings = {ATTRIBUTES = (RemoveHeadersOnCopy, ); }; };
		4BF5019A2A86FC3F00F2B0E2 /* Profile.swift in Sources */ = {isa = PBXBuildFile; fileRef = 4BF5F49A2A857B0E00D75844 /* Profile.swift */; };
		4BF5019B2A86FC3F00F2B0E2 /* LandmarksApp.swift in Sources */ = {isa = PBXBuildFile; fileRef = 4B78D95C2A83C5A3002BCC37 /* LandmarksApp.swift */; };
		4BF5019C2A86FC3F00F2B0E2 /* CircleImage.swift in Sources */ = {isa = PBXBuildFile; fileRef = 4B78D96A2A83CA28002BCC37 /* CircleImage.swift */; };
		4BF5019D2A86FC3F00F2B0E2 /* MapView.swift in Sources */ = {isa = PBXBuildFile; fileRef = 4B78D96C2A83CC04002BCC37 /* MapView.swift */; };
		4BF5019E2A86FC3F00F2B0E2 /* Landmark.swift in Sources */ = {isa = PBXBuildFile; fileRef = 4B78D9702A83D2D8002BCC37 /* Landmark.swift */; };
		4BF5019F2A86FC3F00F2B0E2 /* Hike.swift in Sources */ = {isa = PBXBuildFile; fileRef = 4BF5F4882A85069800D75844 /* Hike.swift */; };
		4BF501A02A86FC3F00F2B0E2 /* Assets.xcassets in Resources */ = {isa = PBXBuildFile; fileRef = 4B78D9602A83C5A7002BCC37 /* Assets.xcassets */; };
		4BF501A12A86FC3F00F2B0E2 /* landmarkData.json in Resources */ = {isa = PBXBuildFile; fileRef = 4B78D96E2A83D27B002BCC37 /* landmarkData.json */; };
		4BF501A22A86FC3F00F2B0E2 /* hikeData.json in Resources */ = {isa = PBXBuildFile; fileRef = 4BF5F4862A8505BF00D75844 /* hikeData.json */; };
		4BF501A32A86FC3F00F2B0E2 /* LandmarkRow.swift in Sources */ = {isa = PBXBuildFile; fileRef = 4B78D9772A83DB73002BCC37 /* LandmarkRow.swift */; };
		4BF501A42A86FC3F00F2B0E2 /* LandmarkList.swift in Sources */ = {isa = PBXBuildFile; fileRef = 4B78D9792A83DDE4002BCC37 /* LandmarkList.swift */; };
		4BF501A52A86FC3F00F2B0E2 /* ModelData.swift in Sources */ = {isa = PBXBuildFile; fileRef = 4B78D9722A83D5B7002BCC37 /* ModelData.swift */; };
		4BF501A72A8709A300F2B0E2 /* LandmarkDetail.swift in Sources */ = {isa = PBXBuildFile; fileRef = 4BF501A62A8709A300F2B0E2 /* LandmarkDetail.swift */; };
		4BF501A92A87132400F2B0E2 /* NotificationView.swift in Sources */ = {isa = PBXBuildFile; fileRef = 4BF501A82A87132400F2B0E2 /* NotificationView.swift */; };
		4BF501AB2A87142000F2B0E2 /* NotificationController.swift in Sources */ = {isa = PBXBuildFile; fileRef = 4BF501AA2A87142000F2B0E2 /* NotificationController.swift */; };
		4BF501AD2A87162A00F2B0E2 /* PushNotificationPayload.apns in Resources */ = {isa = PBXBuildFile; fileRef = 4BF501AC2A87162A00F2B0E2 /* PushNotificationPayload.apns */; };
		4BF5F4872A8505BF00D75844 /* hikeData.json in Resources */ = {isa = PBXBuildFile; fileRef = 4BF5F4862A8505BF00D75844 /* hikeData.json */; };
		4BF5F4892A85069800D75844 /* Hike.swift in Sources */ = {isa = PBXBuildFile; fileRef = 4BF5F4882A85069800D75844 /* Hike.swift */; };
		4BF5F48F2A85431D00D75844 /* GraphCapsule.swift in Sources */ = {isa = PBXBuildFile; fileRef = 4BF5F48B2A85431D00D75844 /* GraphCapsule.swift */; };
		4BF5F4902A85431D00D75844 /* HikeGraph.swift in Sources */ = {isa = PBXBuildFile; fileRef = 4BF5F48C2A85431D00D75844 /* HikeGraph.swift */; };
		4BF5F4912A85431D00D75844 /* HikeDetail.swift in Sources */ = {isa = PBXBuildFile; fileRef = 4BF5F48D2A85431D00D75844 /* HikeDetail.swift */; };
		4BF5F4922A85431D00D75844 /* HikeView.swift in Sources */ = {isa = PBXBuildFile; fileRef = 4BF5F48E2A85431D00D75844 /* HikeView.swift */; };
		4BF5F4952A856AFE00D75844 /* CategoryHome.swift in Sources */ = {isa = PBXBuildFile; fileRef = 4BF5F4942A856AFE00D75844 /* CategoryHome.swift */; };
		4BF5F4972A856DE300D75844 /* CategoryRow.swift in Sources */ = {isa = PBXBuildFile; fileRef = 4BF5F4962A856DE300D75844 /* CategoryRow.swift */; };
		4BF5F4992A85703F00D75844 /* CategoryItem.swift in Sources */ = {isa = PBXBuildFile; fileRef = 4BF5F4982A85703F00D75844 /* CategoryItem.swift */; };
		4BF5F49B2A857B0E00D75844 /* Profile.swift in Sources */ = {isa = PBXBuildFile; fileRef = 4BF5F49A2A857B0E00D75844 /* Profile.swift */; };
		4BF5F49E2A857C5100D75844 /* ProfileHost.swift in Sources */ = {isa = PBXBuildFile; fileRef = 4BF5F49D2A857C5100D75844 /* ProfileHost.swift */; };
		4BF5F4A02A857D0300D75844 /* ProfileSummary.swift in Sources */ = {isa = PBXBuildFile; fileRef = 4BF5F49F2A857D0300D75844 /* ProfileSummary.swift */; };
		4BF5F4A22A857E5800D75844 /* HikeBadge.swift in Sources */ = {isa = PBXBuildFile; fileRef = 4BF5F4A12A857E5800D75844 /* HikeBadge.swift */; };
/* End PBXBuildFile section */

/* Begin PBXContainerItemProxy section */
		4BF501932A86F99400F2B0E2 /* PBXContainerItemProxy */ = {
			isa = PBXContainerItemProxy;
			containerPortal = 4B78D9512A83C5A3002BCC37 /* Project object */;
			proxyType = 1;
			remoteGlobalIDString = 4BF501872A86F99100F2B0E2;
			remoteInfo = "WatchLandmarks Watch App";
		};
/* End PBXContainerItemProxy section */

/* Begin PBXCopyFilesBuildPhase section */
		4BF501962A86F99400F2B0E2 /* Embed Watch Content */ = {
			isa = PBXCopyFilesBuildPhase;
			buildActionMask = 2147483647;
			dstPath = "$(CONTENTS_FOLDER_PATH)/Watch";
			dstSubfolderSpec = 16;
			files = (
				4BF501952A86F99400F2B0E2 /* WatchLandmarks Watch App.app in Embed Watch Content */,
			);
			name = "Embed Watch Content";
			runOnlyForDeploymentPostprocessing = 0;
		};
/* End PBXCopyFilesBuildPhase section */

/* Begin PBXFileReference section */
		4B07E14C2A85BB440094D554 /* ProfileEditor.swift */ = {isa = PBXFileReference; lastKnownFileType = sourcecode.swift; path = ProfileEditor.swift; sourceTree = "<group>"; };
		4B07E14F2A85C2330094D554 /* PageViewController.swift */ = {isa = PBXFileReference; lastKnownFileType = sourcecode.swift; path = PageViewController.swift; sourceTree = "<group>"; };
		4B07E1512A85C6090094D554 /* FeatureCard.swift */ = {isa = PBXFileReference; lastKnownFileType = sourcecode.swift; path = FeatureCard.swift; sourceTree = "<group>"; };
		4B07E1532A85C7280094D554 /* PageView.swift */ = {isa = PBXFileReference; lastKnownFileType = sourcecode.swift; path = PageView.swift; sourceTree = "<group>"; };
		4B78D9592A83C5A3002BCC37 /* Landmarks.app */ = {isa = PBXFileReference; explicitFileType = wrapper.application; includeInIndex = 0; path = Landmarks.app; sourceTree = BUILT_PRODUCTS_DIR; };
		4B78D95C2A83C5A3002BCC37 /* LandmarksApp.swift */ = {isa = PBXFileReference; lastKnownFileType = sourcecode.swift; path = LandmarksApp.swift; sourceTree = "<group>"; };
		4B78D95E2A83C5A3002BCC37 /* ContentView.swift */ = {isa = PBXFileReference; lastKnownFileType = sourcecode.swift; path = ContentView.swift; sourceTree = "<group>"; };
		4B78D9602A83C5A7002BCC37 /* Assets.xcassets */ = {isa = PBXFileReference; lastKnownFileType = folder.assetcatalog; path = Assets.xcassets; sourceTree = "<group>"; };
		4B78D9632A83C5A7002BCC37 /* Preview Assets.xcassets */ = {isa = PBXFileReference; lastKnownFileType = folder.assetcatalog; path = "Preview Assets.xcassets"; sourceTree = "<group>"; };
		4B78D96A2A83CA28002BCC37 /* CircleImage.swift */ = {isa = PBXFileReference; lastKnownFileType = sourcecode.swift; path = CircleImage.swift; sourceTree = "<group>"; };
		4B78D96C2A83CC04002BCC37 /* MapView.swift */ = {isa = PBXFileReference; lastKnownFileType = sourcecode.swift; path = MapView.swift; sourceTree = "<group>"; };
		4B78D96E2A83D27B002BCC37 /* landmarkData.json */ = {isa = PBXFileReference; fileEncoding = 4; lastKnownFileType = text.json; path = landmarkData.json; sourceTree = "<group>"; };
		4B78D9702A83D2D8002BCC37 /* Landmark.swift */ = {isa = PBXFileReference; lastKnownFileType = sourcecode.swift; path = Landmark.swift; sourceTree = "<group>"; };
		4B78D9722A83D5B7002BCC37 /* ModelData.swift */ = {isa = PBXFileReference; lastKnownFileType = sourcecode.swift; path = ModelData.swift; sourceTree = "<group>"; };
		4B78D9772A83DB73002BCC37 /* LandmarkRow.swift */ = {isa = PBXFileReference; lastKnownFileType = sourcecode.swift; path = LandmarkRow.swift; sourceTree = "<group>"; };
		4B78D9792A83DDE4002BCC37 /* LandmarkList.swift */ = {isa = PBXFileReference; lastKnownFileType = sourcecode.swift; path = LandmarkList.swift; sourceTree = "<group>"; };
		4B78D97B2A83DF6C002BCC37 /* LandmarkDetail.swift */ = {isa = PBXFileReference; lastKnownFileType = sourcecode.swift; path = LandmarkDetail.swift; sourceTree = "<group>"; };
		4B78D97D2A842CF3002BCC37 /* FavoriteButton.swift */ = {isa = PBXFileReference; lastKnownFileType = sourcecode.swift; path = FavoriteButton.swift; sourceTree = "<group>"; };
		4B78D9812A843C8E002BCC37 /* HexagonParameters.swift */ = {isa = PBXFileReference; lastKnownFileType = sourcecode.swift; path = HexagonParameters.swift; sourceTree = "<group>"; };
		4B78D9832A843DEF002BCC37 /* BadgeBackground.swift */ = {isa = PBXFileReference; lastKnownFileType = sourcecode.swift; path = BadgeBackground.swift; sourceTree = "<group>"; };
		4B78D9852A8443BD002BCC37 /* BadgeSymbol.swift */ = {isa = PBXFileReference; lastKnownFileType = sourcecode.swift; path = BadgeSymbol.swift; sourceTree = "<group>"; };
		4B78D9872A844483002BCC37 /* RotatedBadgeSymbol.swift */ = {isa = PBXFileReference; lastKnownFileType = sourcecode.swift; path = RotatedBadgeSymbol.swift; sourceTree = "<group>"; };
		4B78D9892A844529002BCC37 /* Badge.swift */ = {isa = PBXFileReference; lastKnownFileType = sourcecode.swift; path = Badge.swift; sourceTree = "<group>"; };
		4BF501812A86CFBD00F2B0E2 /* PageControl.swift */ = {isa = PBXFileReference; lastKnownFileType = sourcecode.swift; path = PageControl.swift; sourceTree = "<group>"; };
		4BF501882A86F99100F2B0E2 /* WatchLandmarks Watch App.app */ = {isa = PBXFileReference; explicitFileType = wrapper.application; includeInIndex = 0; path = "WatchLandmarks Watch App.app"; sourceTree = BUILT_PRODUCTS_DIR; };
		4BF5018C2A86F99100F2B0E2 /* ContentView.swift */ = {isa = PBXFileReference; lastKnownFileType = sourcecode.swift; path = ContentView.swift; sourceTree = "<group>"; };
		4BF5018E2A86F99400F2B0E2 /* Assets.xcassets */ = {isa = PBXFileReference; lastKnownFileType = folder.assetcatalog; path = Assets.xcassets; sourceTree = "<group>"; };
		4BF501912A86F99400F2B0E2 /* Preview Assets.xcassets */ = {isa = PBXFileReference; lastKnownFileType = folder.assetcatalog; path = "Preview Assets.xcassets"; sourceTree = "<group>"; };
		4BF501A62A8709A300F2B0E2 /* LandmarkDetail.swift */ = {isa = PBXFileReference; lastKnownFileType = sourcecode.swift; path = LandmarkDetail.swift; sourceTree = "<group>"; };
		4BF501A82A87132400F2B0E2 /* NotificationView.swift */ = {isa = PBXFileReference; lastKnownFileType = sourcecode.swift; path = NotificationView.swift; sourceTree = "<group>"; };
		4BF501AA2A87142000F2B0E2 /* NotificationController.swift */ = {isa = PBXFileReference; lastKnownFileType = sourcecode.swift; path = NotificationController.swift; sourceTree = "<group>"; };
		4BF501AC2A87162A00F2B0E2 /* PushNotificationPayload.apns */ = {isa = PBXFileReference; fileEncoding = 4; lastKnownFileType = text; path = PushNotificationPayload.apns; sourceTree = "<group>"; };
		4BF5F4862A8505BF00D75844 /* hikeData.json */ = {isa = PBXFileReference; fileEncoding = 4; lastKnownFileType = text.json; path = hikeData.json; sourceTree = "<group>"; };
		4BF5F4882A85069800D75844 /* Hike.swift */ = {isa = PBXFileReference; lastKnownFileType = sourcecode.swift; path = Hike.swift; sourceTree = "<group>"; };
		4BF5F48B2A85431D00D75844 /* GraphCapsule.swift */ = {isa = PBXFileReference; fileEncoding = 4; lastKnownFileType = sourcecode.swift; path = GraphCapsule.swift; sourceTree = "<group>"; };
		4BF5F48C2A85431D00D75844 /* HikeGraph.swift */ = {isa = PBXFileReference; fileEncoding = 4; lastKnownFileType = sourcecode.swift; path = HikeGraph.swift; sourceTree = "<group>"; };
		4BF5F48D2A85431D00D75844 /* HikeDetail.swift */ = {isa = PBXFileReference; fileEncoding = 4; lastKnownFileType = sourcecode.swift; path = HikeDetail.swift; sourceTree = "<group>"; };
		4BF5F48E2A85431D00D75844 /* HikeView.swift */ = {isa = PBXFileReference; fileEncoding = 4; lastKnownFileType = sourcecode.swift; path = HikeView.swift; sourceTree = "<group>"; };
		4BF5F4942A856AFE00D75844 /* CategoryHome.swift */ = {isa = PBXFileReference; lastKnownFileType = sourcecode.swift; path = CategoryHome.swift; sourceTree = "<group>"; };
		4BF5F4962A856DE300D75844 /* CategoryRow.swift */ = {isa = PBXFileReference; lastKnownFileType = sourcecode.swift; path = CategoryRow.swift; sourceTree = "<group>"; };
		4BF5F4982A85703F00D75844 /* CategoryItem.swift */ = {isa = PBXFileReference; lastKnownFileType = sourcecode.swift; path = CategoryItem.swift; sourceTree = "<group>"; };
		4BF5F49A2A857B0E00D75844 /* Profile.swift */ = {isa = PBXFileReference; lastKnownFileType = sourcecode.swift; path = Profile.swift; sourceTree = "<group>"; };
		4BF5F49D2A857C5100D75844 /* ProfileHost.swift */ = {isa = PBXFileReference; lastKnownFileType = sourcecode.swift; path = ProfileHost.swift; sourceTree = "<group>"; };
		4BF5F49F2A857D0300D75844 /* ProfileSummary.swift */ = {isa = PBXFileReference; lastKnownFileType = sourcecode.swift; path = ProfileSummary.swift; sourceTree = "<group>"; };
		4BF5F4A12A857E5800D75844 /* HikeBadge.swift */ = {isa = PBXFileReference; lastKnownFileType = sourcecode.swift; path = HikeBadge.swift; sourceTree = "<group>"; };
/* End PBXFileReference section */

/* Begin PBXFrameworksBuildPhase section */
		4B78D9562A83C5A3002BCC37 /* Frameworks */ = {
			isa = PBXFrameworksBuildPhase;
			buildActionMask = 2147483647;
			files = (
			);
			runOnlyForDeploymentPostprocessing = 0;
		};
		4BF501852A86F99100F2B0E2 /* Frameworks */ = {
			isa = PBXFrameworksBuildPhase;
			buildActionMask = 2147483647;
			files = (
			);
			runOnlyForDeploymentPostprocessing = 0;
		};
/* End PBXFrameworksBuildPhase section */

/* Begin PBXGroup section */
		4B07E14E2A85C1F30094D554 /* PageView */ = {
			isa = PBXGroup;
			children = (
				4B07E14F2A85C2330094D554 /* PageViewController.swift */,
				4B07E1532A85C7280094D554 /* PageView.swift */,
				4BF501812A86CFBD00F2B0E2 /* PageControl.swift */,
			);
			path = PageView;
			sourceTree = "<group>";
		};
		4B78D9502A83C5A3002BCC37 = {
			isa = PBXGroup;
			children = (
				4B78D95B2A83C5A3002BCC37 /* Landmarks */,
				4BF501892A86F99100F2B0E2 /* WatchLandmarks Watch App */,
				4B78D95A2A83C5A3002BCC37 /* Products */,
			);
			sourceTree = "<group>";
		};
		4B78D95A2A83C5A3002BCC37 /* Products */ = {
			isa = PBXGroup;
			children = (
				4B78D9592A83C5A3002BCC37 /* Landmarks.app */,
				4BF501882A86F99100F2B0E2 /* WatchLandmarks Watch App.app */,
			);
			name = Products;
			sourceTree = "<group>";
		};
		4B78D95B2A83C5A3002BCC37 /* Landmarks */ = {
			isa = PBXGroup;
			children = (
				4B78D95C2A83C5A3002BCC37 /* LandmarksApp.swift */,
				4B78D9742A83DA09002BCC37 /* Views */,
				4B78D9602A83C5A7002BCC37 /* Assets.xcassets */,
				4B78D9762A83DA93002BCC37 /* Models */,
				4B78D9752A83DA6E002BCC37 /* Resources */,
				4B78D9622A83C5A7002BCC37 /* Preview Content */,
			);
			path = Landmarks;
			sourceTree = "<group>";
		};
		4B78D9622A83C5A7002BCC37 /* Preview Content */ = {
			isa = PBXGroup;
			children = (
				4B78D9632A83C5A7002BCC37 /* Preview Assets.xcassets */,
			);
			path = "Preview Content";
			sourceTree = "<group>";
		};
		4B78D9742A83DA09002BCC37 /* Views */ = {
			isa = PBXGroup;
			children = (
				4B78D95E2A83C5A3002BCC37 /* ContentView.swift */,
				4B07E14E2A85C1F30094D554 /* PageView */,
				4BF501832A86D56600F2B0E2 /* Features */,
				4BF5F49C2A857C4500D75844 /* Profiles */,
				4BF5F4932A856AD700D75844 /* Categories */,
				4BF5F48A2A85431D00D75844 /* Hikes */,
				4B78D9802A842E2B002BCC37 /* Landmarks */,
				4B78D97F2A842E12002BCC37 /* Helpers */,
				4B78D98B2A84466C002BCC37 /* Badges */,
			);
			path = Views;
			sourceTree = "<group>";
		};
		4B78D9752A83DA6E002BCC37 /* Resources */ = {
			isa = PBXGroup;
			children = (
				4BF5F4862A8505BF00D75844 /* hikeData.json */,
				4B78D96E2A83D27B002BCC37 /* landmarkData.json */,
			);
			path = Resources;
			sourceTree = "<group>";
		};
		4B78D9762A83DA93002BCC37 /* Models */ = {
			isa = PBXGroup;
			children = (
				4B78D9702A83D2D8002BCC37 /* Landmark.swift */,
				4B78D9722A83D5B7002BCC37 /* ModelData.swift */,
				4BF5F4882A85069800D75844 /* Hike.swift */,
				4BF5F49A2A857B0E00D75844 /* Profile.swift */,
			);
			path = Models;
			sourceTree = "<group>";
		};
		4B78D97F2A842E12002BCC37 /* Helpers */ = {
			isa = PBXGroup;
			children = (
				4B78D96A2A83CA28002BCC37 /* CircleImage.swift */,
				4B78D96C2A83CC04002BCC37 /* MapView.swift */,
				4B78D97D2A842CF3002BCC37 /* FavoriteButton.swift */,
			);
			path = Helpers;
			sourceTree = "<group>";
		};
		4B78D9802A842E2B002BCC37 /* Landmarks */ = {
			isa = PBXGroup;
			children = (
				4B78D9772A83DB73002BCC37 /* LandmarkRow.swift */,
				4B78D9792A83DDE4002BCC37 /* LandmarkList.swift */,
				4B78D97B2A83DF6C002BCC37 /* LandmarkDetail.swift */,
			);
			path = Landmarks;
			sourceTree = "<group>";
		};
		4B78D98B2A84466C002BCC37 /* Badges */ = {
			isa = PBXGroup;
			children = (
				4B78D9812A843C8E002BCC37 /* HexagonParameters.swift */,
				4B78D9832A843DEF002BCC37 /* BadgeBackground.swift */,
				4B78D9852A8443BD002BCC37 /* BadgeSymbol.swift */,
				4B78D9872A844483002BCC37 /* RotatedBadgeSymbol.swift */,
				4B78D9892A844529002BCC37 /* Badge.swift */,
			);
			path = Badges;
			sourceTree = "<group>";
		};
		4BF501832A86D56600F2B0E2 /* Features */ = {
			isa = PBXGroup;
			children = (
				4B07E1512A85C6090094D554 /* FeatureCard.swift */,
			);
			path = Features;
			sourceTree = "<group>";
		};
		4BF501892A86F99100F2B0E2 /* WatchLandmarks Watch App */ = {
			isa = PBXGroup;
			children = (
				4BF5018C2A86F99100F2B0E2 /* ContentView.swift */,
				4BF501A82A87132400F2B0E2 /* NotificationView.swift */,
				4BF501AA2A87142000F2B0E2 /* NotificationController.swift */,
				4BF501A62A8709A300F2B0E2 /* LandmarkDetail.swift */,
				4BF5018E2A86F99400F2B0E2 /* Assets.xcassets */,
				4BF501902A86F99400F2B0E2 /* Preview Content */,
				4BF501AC2A87162A00F2B0E2 /* PushNotificationPayload.apns */,
			);
			path = "WatchLandmarks Watch App";
			sourceTree = "<group>";
		};
		4BF501902A86F99400F2B0E2 /* Preview Content */ = {
			isa = PBXGroup;
			children = (
				4BF501912A86F99400F2B0E2 /* Preview Assets.xcassets */,
			);
			path = "Preview Content";
			sourceTree = "<group>";
		};
		4BF5F48A2A85431D00D75844 /* Hikes */ = {
			isa = PBXGroup;
			children = (
				4BF5F48B2A85431D00D75844 /* GraphCapsule.swift */,
				4BF5F48C2A85431D00D75844 /* HikeGraph.swift */,
				4BF5F48D2A85431D00D75844 /* HikeDetail.swift */,
				4BF5F48E2A85431D00D75844 /* HikeView.swift */,
				4BF5F4A12A857E5800D75844 /* HikeBadge.swift */,
			);
			path = Hikes;
			sourceTree = "<group>";
		};
		4BF5F4932A856AD700D75844 /* Categories */ = {
			isa = PBXGroup;
			children = (
				4BF5F4942A856AFE00D75844 /* CategoryHome.swift */,
				4BF5F4962A856DE300D75844 /* CategoryRow.swift */,
				4BF5F4982A85703F00D75844 /* CategoryItem.swift */,
			);
			path = Categories;
			sourceTree = "<group>";
		};
		4BF5F49C2A857C4500D75844 /* Profiles */ = {
			isa = PBXGroup;
			children = (
				4BF5F49D2A857C5100D75844 /* ProfileHost.swift */,
				4BF5F49F2A857D0300D75844 /* ProfileSummary.swift */,
				4B07E14C2A85BB440094D554 /* ProfileEditor.swift */,
			);
			path = Profiles;
			sourceTree = "<group>";
		};
/* End PBXGroup section */

/* Begin PBXNativeTarget section */
		4B78D9582A83C5A3002BCC37 /* Landmarks */ = {
			isa = PBXNativeTarget;
			buildConfigurationList = 4B78D9672A83C5A7002BCC37 /* Build configuration list for PBXNativeTarget "Landmarks" */;
			buildPhases = (
				4B78D9552A83C5A3002BCC37 /* Sources */,
				4B78D9562A83C5A3002BCC37 /* Frameworks */,
				4B78D9572A83C5A3002BCC37 /* Resources */,
				4BF501962A86F99400F2B0E2 /* Embed Watch Content */,
			);
			buildRules = (
			);
			dependencies = (
				4BF501942A86F99400F2B0E2 /* PBXTargetDependency */,
			);
			name = Landmarks;
			productName = Landmarks;
			productReference = 4B78D9592A83C5A3002BCC37 /* Landmarks.app */;
			productType = "com.apple.product-type.application";
		};
		4BF501872A86F99100F2B0E2 /* WatchLandmarks Watch App */ = {
			isa = PBXNativeTarget;
			buildConfigurationList = 4BF501992A86F99400F2B0E2 /* Build configuration list for PBXNativeTarget "WatchLandmarks Watch App" */;
			buildPhases = (
				4BF501842A86F99100F2B0E2 /* Sources */,
				4BF501852A86F99100F2B0E2 /* Frameworks */,
				4BF501862A86F99100F2B0E2 /* Resources */,
			);
			buildRules = (
			);
			dependencies = (
			);
			name = "WatchLandmarks Watch App";
			productName = "WatchLandmarks Watch App";
			productReference = 4BF501882A86F99100F2B0E2 /* WatchLandmarks Watch App.app */;
			productType = "com.apple.product-type.application";
		};
/* End PBXNativeTarget section */

/* Begin PBXProject section */
		4B78D9512A83C5A3002BCC37 /* Project object */ = {
			isa = PBXProject;
			attributes = {
				BuildIndependentTargetsInParallel = 1;
				LastSwiftUpdateCheck = 1430;
				LastUpgradeCheck = 1430;
				TargetAttributes = {
					4B78D9582A83C5A3002BCC37 = {
						CreatedOnToolsVersion = 14.3.1;
					};
					4BF501872A86F99100F2B0E2 = {
						CreatedOnToolsVersion = 14.3.1;
					};
				};
			};
			buildConfigurationList = 4B78D9542A83C5A3002BCC37 /* Build configuration list for PBXProject "Landmarks" */;
			compatibilityVersion = "Xcode 14.0";
			developmentRegion = en;
			hasScannedForEncodings = 0;
			knownRegions = (
				en,
				Base,
			);
			mainGroup = 4B78D9502A83C5A3002BCC37;
			productRefGroup = 4B78D95A2A83C5A3002BCC37 /* Products */;
			projectDirPath = "";
			projectRoot = "";
			targets = (
				4B78D9582A83C5A3002BCC37 /* Landmarks */,
				4BF501872A86F99100F2B0E2 /* WatchLandmarks Watch App */,
			);
		};
/* End PBXProject section */

/* Begin PBXResourcesBuildPhase section */
		4B78D9572A83C5A3002BCC37 /* Resources */ = {
			isa = PBXResourcesBuildPhase;
			buildActionMask = 2147483647;
			files = (
				4BF5F4872A8505BF00D75844 /* hikeData.json in Resources */,
				4B78D9642A83C5A7002BCC37 /* Preview Assets.xcassets in Resources */,
				4B78D9612A83C5A7002BCC37 /* Assets.xcassets in Resources */,
				4B78D96F2A83D27B002BCC37 /* landmarkData.json in Resources */,
			);
			runOnlyForDeploymentPostprocessing = 0;
		};
		4BF501862A86F99100F2B0E2 /* Resources */ = {
			isa = PBXResourcesBuildPhase;
			buildActionMask = 2147483647;
			files = (
				4BF501922A86F99400F2B0E2 /* Preview Assets.xcassets in Resources */,
				4BF501A12A86FC3F00F2B0E2 /* landmarkData.json in Resources */,
				4BF501A02A86FC3F00F2B0E2 /* Assets.xcassets in Resources */,
				4BF5018F2A86F99400F2B0E2 /* Assets.xcassets in Resources */,
				4BF501A22A86FC3F00F2B0E2 /* hikeData.json in Resources */,
				4BF501AD2A87162A00F2B0E2 /* PushNotificationPayload.apns in Resources */,
			);
			runOnlyForDeploymentPostprocessing = 0;
		};
/* End PBXResourcesBuildPhase section */

/* Begin PBXSourcesBuildPhase section */
		4B78D9552A83C5A3002BCC37 /* Sources */ = {
			isa = PBXSourcesBuildPhase;
			buildActionMask = 2147483647;
			files = (
				4BF5F4972A856DE300D75844 /* CategoryRow.swift in Sources */,
				4BF5F49B2A857B0E00D75844 /* Profile.swift in Sources */,
				4B78D95F2A83C5A3002BCC37 /* ContentView.swift in Sources */,
				4BF5F4952A856AFE00D75844 /* CategoryHome.swift in Sources */,
				4B07E1522A85C6090094D554 /* FeatureCard.swift in Sources */,
				4BF5F4902A85431D00D75844 /* HikeGraph.swift in Sources */,
				4B78D98A2A844529002BCC37 /* Badge.swift in Sources */,
				4B78D96D2A83CC04002BCC37 /* MapView.swift in Sources */,
				4BF5F48F2A85431D00D75844 /* GraphCapsule.swift in Sources */,
				4B78D95D2A83C5A3002BCC37 /* LandmarksApp.swift in Sources */,
				4BF501822A86CFBD00F2B0E2 /* PageControl.swift in Sources */,
				4B78D97E2A842CF3002BCC37 /* FavoriteButton.swift in Sources */,
				4BF5F4992A85703F00D75844 /* CategoryItem.swift in Sources */,
				4BF5F4912A85431D00D75844 /* HikeDetail.swift in Sources */,
				4BF5F4A02A857D0300D75844 /* ProfileSummary.swift in Sources */,
				4B78D9822A843C8E002BCC37 /* HexagonParameters.swift in Sources */,
				4BF5F49E2A857C5100D75844 /* ProfileHost.swift in Sources */,
				4BF5F4892A85069800D75844 /* Hike.swift in Sources */,
				4B78D9882A844483002BCC37 /* RotatedBadgeSymbol.swift in Sources */,
				4B07E1542A85C7280094D554 /* PageView.swift in Sources */,
				4B78D9862A8443BD002BCC37 /* BadgeSymbol.swift in Sources */,
				4B07E14D2A85BB440094D554 /* ProfileEditor.swift in Sources */,
				4B78D97A2A83DDE4002BCC37 /* LandmarkList.swift in Sources */,
				4BF5F4922A85431D00D75844 /* HikeView.swift in Sources */,
				4B78D97C2A83DF6C002BCC37 /* LandmarkDetail.swift in Sources */,
				4B07E1502A85C2330094D554 /* PageViewController.swift in Sources */,
				4B78D9842A843DEF002BCC37 /* BadgeBackground.swift in Sources */,
				4BF5F4A22A857E5800D75844 /* HikeBadge.swift in Sources */,
				4B78D96B2A83CA29002BCC37 /* CircleImage.swift in Sources */,
				4B78D9712A83D2D8002BCC37 /* Landmark.swift in Sources */,
				4B78D9782A83DB73002BCC37 /* LandmarkRow.swift in Sources */,
				4B78D9732A83D5B7002BCC37 /* ModelData.swift in Sources */,
			);
			runOnlyForDeploymentPostprocessing = 0;
		};
		4BF501842A86F99100F2B0E2 /* Sources */ = {
			isa = PBXSourcesBuildPhase;
			buildActionMask = 2147483647;
			files = (
				4BF5018D2A86F99100F2B0E2 /* ContentView.swift in Sources */,
				4BF5019C2A86FC3F00F2B0E2 /* CircleImage.swift in Sources */,
				4BF5019D2A86FC3F00F2B0E2 /* MapView.swift in Sources */,
				4BF5019F2A86FC3F00F2B0E2 /* Hike.swift in Sources */,
				4BF501A42A86FC3F00F2B0E2 /* LandmarkList.swift in Sources */,
				4BF5019B2A86FC3F00F2B0E2 /* LandmarksApp.swift in Sources */,
				4BF5019A2A86FC3F00F2B0E2 /* Profile.swift in Sources */,
				4BF501A52A86FC3F00F2B0E2 /* ModelData.swift in Sources */,
				4BF501A32A86FC3F00F2B0E2 /* LandmarkRow.swift in Sources */,
				4BF501AB2A87142000F2B0E2 /* NotificationController.swift in Sources */,
				4BF5019E2A86FC3F00F2B0E2 /* Landmark.swift in Sources */,
				4BF501A72A8709A300F2B0E2 /* LandmarkDetail.swift in Sources */,
				4BF501A92A87132400F2B0E2 /* NotificationView.swift in Sources */,
			);
			runOnlyForDeploymentPostprocessing = 0;
		};
/* End PBXSourcesBuildPhase section */

/* Begin PBXTargetDependency section */
		4BF501942A86F99400F2B0E2 /* PBXTargetDependency */ = {
			isa = PBXTargetDependency;
			target = 4BF501872A86F99100F2B0E2 /* WatchLandmarks Watch App */;
			targetProxy = 4BF501932A86F99400F2B0E2 /* PBXContainerItemProxy */;
		};
/* End PBXTargetDependency section */

/* Begin XCBuildConfiguration section */
		4B78D9652A83C5A7002BCC37 /* Debug */ = {
			isa = XCBuildConfiguration;
			buildSettings = {
				ALWAYS_SEARCH_USER_PATHS = NO;
				CLANG_ANALYZER_NONNULL = YES;
				CLANG_ANALYZER_NUMBER_OBJECT_CONVERSION = YES_AGGRESSIVE;
				CLANG_CXX_LANGUAGE_STANDARD = "gnu++20";
				CLANG_ENABLE_MODULES = YES;
				CLANG_ENABLE_OBJC_ARC = YES;
				CLANG_ENABLE_OBJC_WEAK = YES;
				CLANG_WARN_BLOCK_CAPTURE_AUTORELEASING = YES;
				CLANG_WARN_BOOL_CONVERSION = YES;
				CLANG_WARN_COMMA = YES;
				CLANG_WARN_CONSTANT_CONVERSION = YES;
				CLANG_WARN_DEPRECATED_OBJC_IMPLEMENTATIONS = YES;
				CLANG_WARN_DIRECT_OBJC_ISA_USAGE = YES_ERROR;
				CLANG_WARN_DOCUMENTATION_COMMENTS = YES;
				CLANG_WARN_EMPTY_BODY = YES;
				CLANG_WARN_ENUM_CONVERSION = YES;
				CLANG_WARN_INFINITE_RECURSION = YES;
				CLANG_WARN_INT_CONVERSION = YES;
				CLANG_WARN_NON_LITERAL_NULL_CONVERSION = YES;
				CLANG_WARN_OBJC_IMPLICIT_RETAIN_SELF = YES;
				CLANG_WARN_OBJC_LITERAL_CONVERSION = YES;
				CLANG_WARN_OBJC_ROOT_CLASS = YES_ERROR;
				CLANG_WARN_QUOTED_INCLUDE_IN_FRAMEWORK_HEADER = YES;
				CLANG_WARN_RANGE_LOOP_ANALYSIS = YES;
				CLANG_WARN_STRICT_PROTOTYPES = YES;
				CLANG_WARN_SUSPICIOUS_MOVE = YES;
				CLANG_WARN_UNGUARDED_AVAILABILITY = YES_AGGRESSIVE;
				CLANG_WARN_UNREACHABLE_CODE = YES;
				CLANG_WARN__DUPLICATE_METHOD_MATCH = YES;
				COPY_PHASE_STRIP = NO;
				DEBUG_INFORMATION_FORMAT = dwarf;
				ENABLE_STRICT_OBJC_MSGSEND = YES;
				ENABLE_TESTABILITY = YES;
				GCC_C_LANGUAGE_STANDARD = gnu11;
				GCC_DYNAMIC_NO_PIC = NO;
				GCC_NO_COMMON_BLOCKS = YES;
				GCC_OPTIMIZATION_LEVEL = 0;
				GCC_PREPROCESSOR_DEFINITIONS = (
					"DEBUG=1",
					"$(inherited)",
				);
				GCC_WARN_64_TO_32_BIT_CONVERSION = YES;
				GCC_WARN_ABOUT_RETURN_TYPE = YES_ERROR;
				GCC_WARN_UNDECLARED_SELECTOR = YES;
				GCC_WARN_UNINITIALIZED_AUTOS = YES_AGGRESSIVE;
				GCC_WARN_UNUSED_FUNCTION = YES;
				GCC_WARN_UNUSED_VARIABLE = YES;
				IPHONEOS_DEPLOYMENT_TARGET = 16.4;
				MTL_ENABLE_DEBUG_INFO = INCLUDE_SOURCE;
				MTL_FAST_MATH = YES;
				ONLY_ACTIVE_ARCH = YES;
				SDKROOT = iphoneos;
				SWIFT_ACTIVE_COMPILATION_CONDITIONS = DEBUG;
				SWIFT_OPTIMIZATION_LEVEL = "-Onone";
			};
			name = Debug;
		};
		4B78D9662A83C5A7002BCC37 /* Release */ = {
			isa = XCBuildConfiguration;
			buildSettings = {
				ALWAYS_SEARCH_USER_PATHS = NO;
				CLANG_ANALYZER_NONNULL = YES;
				CLANG_ANALYZER_NUMBER_OBJECT_CONVERSION = YES_AGGRESSIVE;
				CLANG_CXX_LANGUAGE_STANDARD = "gnu++20";
				CLANG_ENABLE_MODULES = YES;
				CLANG_ENABLE_OBJC_ARC = YES;
				CLANG_ENABLE_OBJC_WEAK = YES;
				CLANG_WARN_BLOCK_CAPTURE_AUTORELEASING = YES;
				CLANG_WARN_BOOL_CONVERSION = YES;
				CLANG_WARN_COMMA = YES;
				CLANG_WARN_CONSTANT_CONVERSION = YES;
				CLANG_WARN_DEPRECATED_OBJC_IMPLEMENTATIONS = YES;
				CLANG_WARN_DIRECT_OBJC_ISA_USAGE = YES_ERROR;
				CLANG_WARN_DOCUMENTATION_COMMENTS = YES;
				CLANG_WARN_EMPTY_BODY = YES;
				CLANG_WARN_ENUM_CONVERSION = YES;
				CLANG_WARN_INFINITE_RECURSION = YES;
				CLANG_WARN_INT_CONVERSION = YES;
				CLANG_WARN_NON_LITERAL_NULL_CONVERSION = YES;
				CLANG_WARN_OBJC_IMPLICIT_RETAIN_SELF = YES;
				CLANG_WARN_OBJC_LITERAL_CONVERSION = YES;
				CLANG_WARN_OBJC_ROOT_CLASS = YES_ERROR;
				CLANG_WARN_QUOTED_INCLUDE_IN_FRAMEWORK_HEADER = YES;
				CLANG_WARN_RANGE_LOOP_ANALYSIS = YES;
				CLANG_WARN_STRICT_PROTOTYPES = YES;
				CLANG_WARN_SUSPICIOUS_MOVE = YES;
				CLANG_WARN_UNGUARDED_AVAILABILITY = YES_AGGRESSIVE;
				CLANG_WARN_UNREACHABLE_CODE = YES;
				CLANG_WARN__DUPLICATE_METHOD_MATCH = YES;
				COPY_PHASE_STRIP = NO;
				DEBUG_INFORMATION_FORMAT = "dwarf-with-dsym";
				ENABLE_NS_ASSERTIONS = NO;
				ENABLE_STRICT_OBJC_MSGSEND = YES;
				GCC_C_LANGUAGE_STANDARD = gnu11;
				GCC_NO_COMMON_BLOCKS = YES;
				GCC_WARN_64_TO_32_BIT_CONVERSION = YES;
				GCC_WARN_ABOUT_RETURN_TYPE = YES_ERROR;
				GCC_WARN_UNDECLARED_SELECTOR = YES;
				GCC_WARN_UNINITIALIZED_AUTOS = YES_AGGRESSIVE;
				GCC_WARN_UNUSED_FUNCTION = YES;
				GCC_WARN_UNUSED_VARIABLE = YES;
				IPHONEOS_DEPLOYMENT_TARGET = 16.4;
				MTL_ENABLE_DEBUG_INFO = NO;
				MTL_FAST_MATH = YES;
				SDKROOT = iphoneos;
				SWIFT_COMPILATION_MODE = wholemodule;
				SWIFT_OPTIMIZATION_LEVEL = "-O";
				VALIDATE_PRODUCT = YES;
			};
			name = Release;
		};
		4B78D9682A83C5A7002BCC37 /* Debug */ = {
			isa = XCBuildConfiguration;
			buildSettings = {
				ALWAYS_EMBED_SWIFT_STANDARD_LIBRARIES = YES;
				ASSETCATALOG_COMPILER_APPICON_NAME = AppIcon;
				ASSETCATALOG_COMPILER_GLOBAL_ACCENT_COLOR_NAME = AccentColor;
				CODE_SIGN_STYLE = Automatic;
				CURRENT_PROJECT_VERSION = 1;
				DEVELOPMENT_ASSET_PATHS = "\"Landmarks/Preview Content\"";
				DEVELOPMENT_TEAM = NK258P79C4;
				ENABLE_PREVIEWS = YES;
				GENERATE_INFOPLIST_FILE = YES;
				INFOPLIST_KEY_UIApplicationSceneManifest_Generation = YES;
				INFOPLIST_KEY_UIApplicationSupportsIndirectInputEvents = YES;
				INFOPLIST_KEY_UILaunchScreen_Generation = YES;
				INFOPLIST_KEY_UISupportedInterfaceOrientations_iPad = "UIInterfaceOrientationPortrait UIInterfaceOrientationPortraitUpsideDown UIInterfaceOrientationLandscapeLeft UIInterfaceOrientationLandscapeRight";
				INFOPLIST_KEY_UISupportedInterfaceOrientations_iPhone = "UIInterfaceOrientationPortrait UIInterfaceOrientationLandscapeLeft UIInterfaceOrientationLandscapeRight";
				LD_RUNPATH_SEARCH_PATHS = (
					"$(inherited)",
					"@executable_path/Frameworks",
				);
				MARKETING_VERSION = 1.0;
				PRODUCT_BUNDLE_IDENTIFIER = com.jaesmadeit.Landmarks;
				PRODUCT_NAME = "$(TARGET_NAME)";
				SWIFT_EMIT_LOC_STRINGS = YES;
				SWIFT_VERSION = 5.0;
				TARGETED_DEVICE_FAMILY = "1,2";
			};
			name = Debug;
		};
		4B78D9692A83C5A7002BCC37 /* Release */ = {
			isa = XCBuildConfiguration;
			buildSettings = {
				ALWAYS_EMBED_SWIFT_STANDARD_LIBRARIES = YES;
				ASSETCATALOG_COMPILER_APPICON_NAME = AppIcon;
				ASSETCATALOG_COMPILER_GLOBAL_ACCENT_COLOR_NAME = AccentColor;
				CODE_SIGN_STYLE = Automatic;
				CURRENT_PROJECT_VERSION = 1;
				DEVELOPMENT_ASSET_PATHS = "\"Landmarks/Preview Content\"";
				DEVELOPMENT_TEAM = NK258P79C4;
				ENABLE_PREVIEWS = YES;
				GENERATE_INFOPLIST_FILE = YES;
				INFOPLIST_KEY_UIApplicationSceneManifest_Generation = YES;
				INFOPLIST_KEY_UIApplicationSupportsIndirectInputEvents = YES;
				INFOPLIST_KEY_UILaunchScreen_Generation = YES;
				INFOPLIST_KEY_UISupportedInterfaceOrientations_iPad = "UIInterfaceOrientationPortrait UIInterfaceOrientationPortraitUpsideDown UIInterfaceOrientationLandscapeLeft UIInterfaceOrientationLandscapeRight";
				INFOPLIST_KEY_UISupportedInterfaceOrientations_iPhone = "UIInterfaceOrientationPortrait UIInterfaceOrientationLandscapeLeft UIInterfaceOrientationLandscapeRight";
				LD_RUNPATH_SEARCH_PATHS = (
					"$(inherited)",
					"@executable_path/Frameworks",
				);
				MARKETING_VERSION = 1.0;
				PRODUCT_BUNDLE_IDENTIFIER = com.jaesmadeit.Landmarks;
				PRODUCT_NAME = "$(TARGET_NAME)";
				SWIFT_EMIT_LOC_STRINGS = YES;
				SWIFT_VERSION = 5.0;
				TARGETED_DEVICE_FAMILY = "1,2";
			};
			name = Release;
		};
		4BF501972A86F99400F2B0E2 /* Debug */ = {
			isa = XCBuildConfiguration;
			buildSettings = {
				ASSETCATALOG_COMPILER_APPICON_NAME = AppIcon;
				ASSETCATALOG_COMPILER_GLOBAL_ACCENT_COLOR_NAME = AccentColor;
				CODE_SIGN_STYLE = Automatic;
				CURRENT_PROJECT_VERSION = 1;
				DEVELOPMENT_ASSET_PATHS = "\"WatchLandmarks Watch App/Preview Content\"";
				DEVELOPMENT_TEAM = NK258P79C4;
				ENABLE_PREVIEWS = YES;
				GENERATE_INFOPLIST_FILE = YES;
				INFOPLIST_KEY_CFBundleDisplayName = WatchLandmarks;
				INFOPLIST_KEY_UISupportedInterfaceOrientations = "UIInterfaceOrientationPortrait UIInterfaceOrientationPortraitUpsideDown";
				INFOPLIST_KEY_WKCompanionAppBundleIdentifier = com.jaesmadeit.Landmarks;
				INFOPLIST_KEY_WKRunsIndependentlyOfCompanionApp = YES;
				LD_RUNPATH_SEARCH_PATHS = (
					"$(inherited)",
					"@executable_path/Frameworks",
				);
				MARKETING_VERSION = 1.0;
				PRODUCT_BUNDLE_IDENTIFIER = com.jaesmadeit.Landmarks.watchkitapp;
				PRODUCT_NAME = "$(TARGET_NAME)";
				SDKROOT = watchos;
				SKIP_INSTALL = YES;
				SWIFT_EMIT_LOC_STRINGS = YES;
				SWIFT_VERSION = 5.0;
				TARGETED_DEVICE_FAMILY = 4;
				WATCHOS_DEPLOYMENT_TARGET = 9.4;
			};
			name = Debug;
		};
		4BF501982A86F99400F2B0E2 /* Release */ = {
			isa = XCBuildConfiguration;
			buildSettings = {
				ASSETCATALOG_COMPILER_APPICON_NAME = AppIcon;
				ASSETCATALOG_COMPILER_GLOBAL_ACCENT_COLOR_NAME = AccentColor;
				CODE_SIGN_STYLE = Automatic;
				CURRENT_PROJECT_VERSION = 1;
				DEVELOPMENT_ASSET_PATHS = "\"WatchLandmarks Watch App/Preview Content\"";
				DEVELOPMENT_TEAM = NK258P79C4;
				ENABLE_PREVIEWS = YES;
				GENERATE_INFOPLIST_FILE = YES;
				INFOPLIST_KEY_CFBundleDisplayName = WatchLandmarks;
				INFOPLIST_KEY_UISupportedInterfaceOrientations = "UIInterfaceOrientationPortrait UIInterfaceOrientationPortraitUpsideDown";
				INFOPLIST_KEY_WKCompanionAppBundleIdentifier = com.jaesmadeit.Landmarks;
				INFOPLIST_KEY_WKRunsIndependentlyOfCompanionApp = YES;
				LD_RUNPATH_SEARCH_PATHS = (
					"$(inherited)",
					"@executable_path/Frameworks",
				);
				MARKETING_VERSION = 1.0;
				PRODUCT_BUNDLE_IDENTIFIER = com.jaesmadeit.Landmarks.watchkitapp;
				PRODUCT_NAME = "$(TARGET_NAME)";
				SDKROOT = watchos;
				SKIP_INSTALL = YES;
				SWIFT_EMIT_LOC_STRINGS = YES;
				SWIFT_VERSION = 5.0;
				TARGETED_DEVICE_FAMILY = 4;
				WATCHOS_DEPLOYMENT_TARGET = 9.4;
			};
			name = Release;
		};
/* End XCBuildConfiguration section */

/* Begin XCConfigurationList section */
		4B78D9542A83C5A3002BCC37 /* Build configuration list for PBXProject "Landmarks" */ = {
			isa = XCConfigurationList;
			buildConfigurations = (
				4B78D9652A83C5A7002BCC37 /* Debug */,
				4B78D9662A83C5A7002BCC37 /* Release */,
			);
			defaultConfigurationIsVisible = 0;
			defaultConfigurationName = Release;
		};
		4B78D9672A83C5A7002BCC37 /* Build configuration list for PBXNativeTarget "Landmarks" */ = {
			isa = XCConfigurationList;
			buildConfigurations = (
				4B78D9682A83C5A7002BCC37 /* Debug */,
				4B78D9692A83C5A7002BCC37 /* Release */,
			);
			defaultConfigurationIsVisible = 0;
			defaultConfigurationName = Release;
		};
		4BF501992A86F99400F2B0E2 /* Build configuration list for PBXNativeTarget "WatchLandmarks Watch App" */ = {
			isa = XCConfigurationList;
			buildConfigurations = (
				4BF501972A86F99400F2B0E2 /* Debug */,
				4BF501982A86F99400F2B0E2 /* Release */,
			);
			defaultConfigurationIsVisible = 0;
			defaultConfigurationName = Release;
		};
/* End XCConfigurationList section */
	};
	rootObject = 4B78D9512A83C5A3002BCC37 /* Project object */;
}
